{
    "name": "tony",
    "version": "0.1.0",
    "lockfileVersion": 1,
    "dependencies": {
        "babel-plugin-import": {
            "version": "1.2.1",
            "resolved": "http://registry.npm.taobao.org/babel-plugin-import/download/babel-plugin-import-1.2.1.tgz",
            "integrity": "sha1-dyaqGw94DmjVD50444txTt2eew8=",
            "dev": true
        }
    }
}
